
Microsoft Visual Studio Solution File, Format Version 12.00
# Visual Studio Version 16
VisualStudioVersion = 16.0.32106.194
MinimumVisualStudioVersion = 10.0.40219.1
Project("{8BC9CEB8-8B4A-11D0-8D11-00A0C91BC942}") = "CodeUp_3702 파스칼의 삼각형 2", "CodeUp_3702 파스칼의 삼각형 2\CodeUp_3702 파스칼의 삼각형 2.vcxproj", "{0ABCAAFD-3AB1-4D1F-B4C4-AAF997DD4EBA}"
EndProject
Global
	GlobalSection(SolutionConfigurationPlatforms) = preSolution
		Debug|x64 = Debug|x64
		Debug|x86 = Debug|x86
		Release|x64 = Release|x64
		Release|x86 = Release|x86
	EndGlobalSection
	GlobalSection(ProjectConfigurationPlatforms) = postSolution
		{0ABCAAFD-3AB1-4D1F-B4C4-AAF997DD4EBA}.Debug|x64.ActiveCfg = Debug|x64
		{0ABCAAFD-3AB1-4D1F-B4C4-AAF997DD4EBA}.Debug|x64.Build.0 = Debug|x64
		{0ABCAAFD-3AB1-4D1F-B4C4-AAF997DD4EBA}.Debug|x86.ActiveCfg = Debug|Win32
		{0ABCAAFD-3AB1-4D1F-B4C4-AAF997DD4EBA}.Debug|x86.Build.0 = Debug|Win32
		{0ABCAAFD-3AB1-4D1F-B4C4-AAF997DD4EBA}.Release|x64.ActiveCfg = Release|x64
		{0ABCAAFD-3AB1-4D1F-B4C4-AAF997DD4EBA}.Release|x64.Build.0 = Release|x64
		{0ABCAAFD-3AB1-4D1F-B4C4-AAF997DD4EBA}.Release|x86.ActiveCfg = Release|Win32
		{0ABCAAFD-3AB1-4D1F-B4C4-AAF997DD4EBA}.Release|x86.Build.0 = Release|Win32
	EndGlobalSection
	GlobalSection(SolutionProperties) = preSolution
		HideSolutionNode = FALSE
	EndGlobalSection
	GlobalSection(ExtensibilityGlobals) = postSolution
		SolutionGuid = {1AF718A3-4B6C-4FD8-8A03-632ADC9FE7F6}
	EndGlobalSection
EndGlobal
